{
  "name": "master-electron",
  "version": "1.0.0",
  "lockfileVersion": 1,
  "requires": true,
  "dependencies": {
    "@electron/get": {
      "version": "1.12.3",
      "resolved": "https://registry.npmjs.org/@electron/get/-/get-1.12.3.tgz",
      "integrity": "sha512-NFwSnVZQK7dhOYF1NQCt+HGqgL1aNdj0LUSx75uCqnZJqyiWCVdAMFV4b4/kC8HjUJAnsvdSEmjEt4G2qNQ9+Q==",
      "dev": true,
      "requires": {
        "debug": "^4.1.1",
        "env-paths": "^2.2.0",
        "filenamify": "^4.1.0",
        "fs-extra": "^8.1.0",
        "global-agent": "^2.0.2",
        "global-tunnel-ng": "^2.7.1",
        "got": "^9.6.0",
        "progress": "^2.0.3",
        "semver": "^6.2.0",
        "sumchecker": "^3.0.1"
      },
      "dependencies": {
        "debug": {
          "version": "4.3.1",
          "resolved": "https://registry.npmjs.org/debug/-/debug-4.3.1.tgz",
          "integrity": "sha512-doEwdvm4PCeK4K3RQN2ZC2BYUBaxwLARCqZmMjtF8a51J2Rb0xpVloFRnCODwqjpwnAoao4pelN8l3RJdv3gRQ==",
          "dev": true,
          "requires": {
            "ms": "2.1.2"
          }
        },
        "env-paths": {
          "version": "2.2.0",
          "resolved": "https://registry.npmjs.org/env-paths/-/env-paths-2.2.0.tgz",
          "integrity": "sha512-6u0VYSCo/OW6IoD5WCLLy9JUGARbamfSavcNXry/eu8aHVFei6CD3Sw+VGX5alea1i9pgPHW0mbu6Xj0uBh7gA==",
          "dev": true
        },
        "fs-extra": {
          "version": "8.1.0",
          "resolved": "https://registry.npmjs.org/fs-extra/-/fs-extra-8.1.0.tgz",
          "integrity": "sha512-yhlQgA6mnOJUKOsRUFsgJdQCvkKhcz8tlZG5HBQfReYZy46OwLcY+Zia0mtdHsOo9y/hP+CxMN0TU9QxoOtG4g==",
          "dev": true,
          "requires": {
            "graceful-fs": "^4.2.0",
            "jsonfile": "^4.0.0",
            "universalify": "^0.1.0"
          }
        },
        "get-stream": {
          "version": "4.1.0",
          "resolved": "https://registry.npmjs.org/get-stream/-/get-stream-4.1.0.tgz",
          "integrity": "sha512-GMat4EJ5161kIy2HevLlr4luNjBgvmj413KaQA7jt4V8B4RDsfpHk7WQ9GVqfYyyx8OS/L66Kox+rJRNklLK7w==",
          "dev": true,
          "requires": {
            "pump": "^3.0.0"
          }
        },
        "got": {
          "version": "9.6.0",
          "resolved": "https://registry.npmjs.org/got/-/got-9.6.0.tgz",
          "integrity": "sha512-R7eWptXuGYxwijs0eV+v3o6+XH1IqVK8dJOEecQfTmkncw9AV4dcw/Dhxi8MdlqPthxxpZyizMzyg8RTmEsG+Q==",
          "dev": true,
          "requires": {
            "@sindresorhus/is": "^0.14.0",
            "@szmarczak/http-timer": "^1.1.2",
            "cacheable-request": "^6.0.0",
            "decompress-response": "^3.3.0",
            "duplexer3": "^0.1.4",
            "get-stream": "^4.1.0",
            "lowercase-keys": "^1.0.1",
            "mimic-response": "^1.0.1",
            "p-cancelable": "^1.0.0",
            "to-readable-stream": "^1.0.0",
            "url-parse-lax": "^3.0.0"
          }
        },
        "graceful-fs": {
          "version": "4.2.4",
          "resolved": "https://registry.npmjs.org/graceful-fs/-/graceful-fs-4.2.4.tgz",
          "integrity": "sha512-WjKPNJF79dtJAVniUlGGWHYGz2jWxT6VhN/4m1NdkbZ2nOsEF+cI1Edgql5zCRhs/VsQYRvrXctxktVXZUkixw==",
          "dev": true
        },
        "ms": {
          "version": "2.1.2",
          "resolved": "https://registry.npmjs.org/ms/-/ms-2.1.2.tgz",
          "integrity": "sha512-sGkPx+VjMtmA6MX27oA4FBFELFCZZ4S4XqeGOXCv68tT+jb3vk/RyaKWP0PTKyWtmLSM0b+adUTEvbs1PEaH2w==",
          "dev": true
        },
        "prepend-http": {
          "version": "2.0.0",
          "resolved": "https://registry.npmjs.org/prepend-http/-/prepend-http-2.0.0.tgz",
          "integrity": "sha1-6SQ0v6XqjBn0HN/UAddBo8gZ2Jc=",
          "dev": true
        },
        "semver": {
          "version": "6.3.0",
          "resolved": "https://registry.npmjs.org/semver/-/semver-6.3.0.tgz",
          "integrity": "sha512-b39TBaTSfV6yBrapU89p5fKekE2m/NwnDocOVruQFS1/veMgdzuPcnOM34M6CwxW8jH/lxEa5rBoDeUwu5HHTw==",
          "dev": true
        },
        "sumchecker": {
          "version": "3.0.1",
          "resolved": "https://registry.npmjs.org/sumchecker/-/sumchecker-3.0.1.tgz",
          "integrity": "sha512-MvjXzkz/BOfyVDkG0oFOtBxHX2u3gKbMHIF/dXblZsgD3BWOFLmHovIpZY7BykJdAjcqRCBi1WYBNdEC9yI7vg==",
          "dev": true,
          "requires": {
            "debug": "^4.1.0"
          }
        },
        "url-parse-lax": {
          "version": "3.0.0",
          "resolved": "https://registry.npmjs.org/url-parse-lax/-/url-parse-lax-3.0.0.tgz",
          "integrity": "sha1-FrXK/Afb42dsGxmZF3gj1lA6yww=",
          "dev": true,
          "requires": {
            "prepend-http": "^2.0.0"
          }
        }
      }
    },
    "@sindresorhus/is": {
      "version": "0.14.0",
      "resolved": "https://registry.npmjs.org/@sindresorhus/is/-/is-0.14.0.tgz",
      "integrity": "sha512-9NET910DNaIPngYnLLPeg+Ogzqsi9uM4mSboU5y6p8S5DzMTVEsJZrawi+BoDNUVBa2DhJqQYUFvMDfgU062LQ==",
      "dev": true
    },
    "@szmarczak/http-timer": {
      "version": "1.1.2",
      "resolved": "https://registry.npmjs.org/@szmarczak/http-timer/-/http-timer-1.1.2.tgz",
      "integrity": "sha512-XIB2XbzHTN6ieIjfIMV9hlVcfPU26s2vafYWQcZHWXHOxiaRZYEDKEwdl129Zyg50+foYV2jCgtrqSA6qNuNSA==",
      "dev": true
    },
    "boolean": {
      "version": "3.0.2",
      "resolved": "https://registry.npmjs.org/boolean/-/boolean-3.0.2.tgz",
      "integrity": "sha512-RwywHlpCRc3/Wh81MiCKun4ydaIFyW5Ea6JbL6sRCVx5q5irDw7pMXBUFYF/jArQ6YrG36q0kpovc9P/Kd3I4g==",
      "dev": true,
      "optional": true
    },
    "cacheable-request": {
      "version": "6.1.0",
      "resolved": "https://registry.npmjs.org/cacheable-request/-/cacheable-request-6.1.0.tgz",
      "integrity": "sha512-Oj3cAGPCqOZX7Rz64Uny2GYAZNliQSqfbePrgAQ1wKAihYmCUnraBtJtKcGR4xz7wF+LoJC+ssFZvv5BgF9Igg==",
      "dev": true,
      "dependencies": {
        "get-stream": {
          "version": "5.1.0",
          "resolved": "https://registry.npmjs.org/get-stream/-/get-stream-5.1.0.tgz",
          "integrity": "sha512-EXr1FOzrzTfGeL0gQdeFEvOMm2mzMOglyiOXSTpPC+iAjAKftbr3jpCMWynogwYnM+eSj9sHGc6wjIcDvYiygw=="
        },
        "lowercase-keys": {
          "version": "2.0.0",
          "resolved": "https://registry.npmjs.org/lowercase-keys/-/lowercase-keys-2.0.0.tgz",
          "integrity": "sha512-tqNXrS78oMOE73NMxK4EMLQsQowWf8jKooH9g7xPavRT706R6bkQJ6DY2Te7QukaZsulxa30wQ7bk0pm4XiHmA=="
        }
      }
    },
    "config-chain": {
      "version": "1.1.12",
      "resolved": "https://registry.npmjs.org/config-chain/-/config-chain-1.1.12.tgz",
      "integrity": "sha512-a1eOIcu8+7lUInge4Rpf/n4Krkf3Dd9lqhljRzII1/Zno/kRtUWnznPO3jOKBmTEktkt3fkxisUcivoj0ebzoA==",
      "dev": true,
      "optional": true,
      "requires": {
        "ini": "^1.3.4",
        "proto-list": "~1.2.1"
      }
    },
    "core-js": {
      "version": "3.8.3",
      "resolved": "https://registry.npmjs.org/core-js/-/core-js-3.8.3.tgz",
      "integrity": "sha512-KPYXeVZYemC2TkNEkX/01I+7yd+nX3KddKwZ1Ww7SKWdI2wQprSgLmrTddT8nw92AjEklTsPBoSdQBhbI1bQ6Q==",
      "dev": true,
      "optional": true
    },
    "decompress-response": {
      "version": "3.3.0",
      "resolved": "https://registry.npmjs.org/decompress-response/-/decompress-response-3.3.0.tgz",
      "integrity": "sha1-gKTdMjdIOEv6JICDYirt7Jgq3/M=",
      "dev": true
    },
    "define-properties": {
      "version": "1.1.3",
      "resolved": "https://registry.npmjs.org/define-properties/-/define-properties-1.1.3.tgz",
      "integrity": "sha512-3MqfYKj2lLzdMSf8ZIZE/V+Zuy+BgD6f164e8K2w7dgnpKArBDerGYpM46IYYcjnkdPNMjPk9A6VFB8+3SKlXQ==",
      "dev": true,
      "optional": true,
      "requires": {
        "object-keys": "^1.0.12"
      },
      "dependencies": {
        "object-keys": {
          "version": "1.1.1",
          "resolved": "https://registry.npmjs.org/object-keys/-/object-keys-1.1.1.tgz",
          "integrity": "sha512-NuAESUOUMrlIXOfHKzD6bpPu3tYt3xvjNdRIQ+FeT0lNb4K8WR70CaDxhuNguS2XG+GjkyMwOzsN5ZktImfhLA==",
          "dev": true,
          "optional": true
        }
      }
    },
    "detect-node": {
      "version": "2.0.4",
      "resolved": "https://registry.npmjs.org/detect-node/-/detect-node-2.0.4.tgz",
      "integrity": "sha512-ZIzRpLJrOj7jjP2miAtgqIfmzbxa4ZOr5jJc601zklsfEx9oTzmmj2nVpIPRpNlRTIh8lc1kyViIY7BWSGNmKw==",
      "dev": true,
      "optional": true
    },
    "duplexer3": {
      "version": "0.1.4",
      "resolved": "https://registry.npmjs.org/duplexer3/-/duplexer3-0.1.4.tgz",
      "integrity": "sha1-7gHdHKwO08vH/b6jfcCo8c4ALOI=",
      "dev": true
    },
    "electron": {
      "version": "9.4.0",
      "resolved": "https://registry.npmjs.org/electron/-/electron-9.4.0.tgz",
      "integrity": "sha512-hOC4q0jkb+UDYZRy8vrZ1IANnq+jznZnbkD62OEo06nU+hIbp2IrwDRBNuSLmQ3cwZMVir0WSIA1qEVK0PkzGA==",
      "dev": true,
      "requires": {
        "@electron/get": "^1.0.1",
        "@types/node": "^12.0.12",
        "extract-zip": "^1.0.3"
      },
      "dependencies": {
        "@types/node": {
          "version": "12.19.15",
          "resolved": "https://registry.npmjs.org/@types/node/-/node-12.19.15.tgz",
          "integrity": "sha512-lowukE3GUI+VSYSu6VcBXl14d61Rp5hA1D+61r16qnwC0lYNSqdxcvRh0pswejorHfS+HgwBasM8jLXz0/aOsw==",
          "dev": true
        }
      }
    },
    "electron-builder": {
      "version": "22.3.3",
      "resolved": "https://registry.npmjs.org/electron-builder/-/electron-builder-22.3.3.tgz",
      "integrity": "sha512-0JvxZFL/lP8ph5QZZZBw0KULXY4Cc67cza4hF6WX3YWXfXo/+9FSSF6VYB9nldHPN2C03TpKWAqwncV66qd28A==",
      "dev": true,
      "dependencies": {
        "ansi-align": {
          "version": "3.0.0",
          "resolved": "https://registry.npmjs.org/ansi-align/-/ansi-align-3.0.0.tgz",
          "integrity": "sha512-ZpClVKqXN3RGBmKibdfWzqCY4lnjEuoNzU5T0oEFpfd/z5qJHVarukridD4juLO2FXMiwUQxr9WqQtaYa8XRYw==",
          "dependencies": {
            "string-width": {
              "version": "3.1.0",
              "resolved": "https://registry.npmjs.org/string-width/-/string-width-3.1.0.tgz",
              "integrity": "sha512-vafcv6KjVZKSgz06oM/H6GDBrAtz8vdhQakGjFIvNrHA6y3HCF1CInLy+QLq8dTJPQ1b+KDUqDFctkdRW44e1w=="
            }
          }
        },
        "ansi-regex": {
          "version": "4.1.0",
          "resolved": "https://registry.npmjs.org/ansi-regex/-/ansi-regex-4.1.0.tgz",
          "integrity": "sha512-1apePfXM1UOSqw0o9IiFAovVz9M5S1Dg+4TrDwfMewQ6p/rmMueb7tWZjQ1rx4Loy1ArBggoqGpfqqdI4rondg=="
        },
        "ansi-styles": {
          "version": "4.2.1",
          "resolved": "https://registry.npmjs.org/ansi-styles/-/ansi-styles-4.2.1.tgz",
          "integrity": "sha512-9VGjrMsG1vePxcSweQsN20KY/c4zN0h9fLjqAbwbPfahM3t+NL+M9HC8xeXG2I8pX5NoamTGNuomEUFI7fcUjA=="
        },
        "app-builder-lib": {
          "version": "22.3.3",
          "resolved": "https://registry.npmjs.org/app-builder-lib/-/app-builder-lib-22.3.3.tgz",
          "integrity": "sha512-zZJyuF3djIA5K6tbx8t3w40M0iVoBR6K2k4KMHOu96+ffmfvdlu+UrsvDqvP1N1cgwFoSSyvW/Hg9/SP12pnEQ=="
        },
        "boxen": {
          "version": "4.2.0",
          "resolved": "https://registry.npmjs.org/boxen/-/boxen-4.2.0.tgz",
          "integrity": "sha512-eB4uT9RGzg2odpER62bBwSLvUeGC+WbRjjyyFhGsKnc8wp/m0+hQsMUvUe3H2V0D5vw0nBdO1hCJoZo5mKeuIQ=="
        },
        "builder-util": {
          "version": "22.3.3",
          "resolved": "https://registry.npmjs.org/builder-util/-/builder-util-22.3.3.tgz",
          "integrity": "sha512-VzQALenLDdeaz7hXaQgS9N0Xz3zlgkK64Dp2Vn61XTbhI0MgVneTeEKKDFwdBC/l7v0cHsOPeao/xeWmyznC2g=="
        },
        "camelcase": {
          "version": "5.3.1",
          "resolved": "https://registry.npmjs.org/camelcase/-/camelcase-5.3.1.tgz",
          "integrity": "sha512-L28STB170nwWS63UjtlEOE3dldQApaJXZkOI1uMFfzf3rRuPegHaHesyee+YxQ+W6SvRDQV6UrdOdRiR153wJg=="
        },
        "chalk": {
          "version": "3.0.0",
          "resolved": "https://registry.npmjs.org/chalk/-/chalk-3.0.0.tgz",
          "integrity": "sha512-4D3B6Wf41KOYRFdszmDqMCGq5VV/uMAB273JILmO+3jAlh8X4qDtdtgCR3fxtbLEMzSx22QdhnDcJvu2u1fVwg=="
        },
        "ci-info": {
          "version": "2.0.0",
          "resolved": "https://registry.npmjs.org/ci-info/-/ci-info-2.0.0.tgz",
          "integrity": "sha512-5tK7EtrZ0N+OLFMthtqOj4fI2Jeb88C4CAZPu25LDVUgXJ0A3Js4PMGqrn0JU1W0Mh1/Z8wZzYPxqUrXeBboCQ=="
        },
        "cli-boxes": {
          "version": "2.2.0",
          "resolved": "https://registry.npmjs.org/cli-boxes/-/cli-boxes-2.2.0.tgz",
          "integrity": "sha512-gpaBrMAizVEANOpfZp/EEUixTXDyGt7DFzdK5hU+UbWt/J0lB0w20ncZj59Z9a93xHb9u12zF5BS6i9RKbtg4w=="
        },
        "color-convert": {
          "version": "2.0.1",
          "resolved": "https://registry.npmjs.org/color-convert/-/color-convert-2.0.1.tgz",
          "integrity": "sha512-RRECPsj7iu/xb5oKYcsFHSppFNnsj/52OVTRKb4zP5onXwVF3zVmmToNcOfGC+CRDpfK/U584fMg38ZHCaElKQ=="
        },
        "color-name": {
          "version": "1.1.4",
          "resolved": "https://registry.npmjs.org/color-name/-/color-name-1.1.4.tgz",
          "integrity": "sha512-dOy+3AuW3a2wNbZHIuMZpTcgjGuLU/uBL/ubcZF9OXbDo8ff4O8yVp5Bf0efS8uEoYo5q4Fx7dY9OgQGXgAsQA=="
        },
        "configstore": {
          "version": "5.0.1",
          "resolved": "https://registry.npmjs.org/configstore/-/configstore-5.0.1.tgz",
          "integrity": "sha512-aMKprgk5YhBNyH25hj8wGt2+D52Sw1DRRIzqBwLp2Ya9mFmY8KPvvtvmna8SxVR9JMZ4kzMD68N22vlaRpkeFA=="
        },
        "crypto-random-string": {
          "version": "2.0.0",
          "resolved": "https://registry.npmjs.org/crypto-random-string/-/crypto-random-string-2.0.0.tgz",
          "integrity": "sha512-v1plID3y9r/lPhviJ1wrXpLeyUIGAZ2SHNYTEapm7/8A9nLPoyvVp3RK/EPFqn5kEznyWgYZNsRtYYIWbuG8KA=="
        },
        "debug": {
          "version": "4.1.1",
          "resolved": "https://registry.npmjs.org/debug/-/debug-4.1.1.tgz",
          "integrity": "sha512-pYAIzeRo8J6KPEaJ0VWOh5Pzkbw/RetuzehGM7QRRX5he4fPHx2rdKMB256ehJCkX+XRQm16eZLqLNS8RSZXZw=="
        },
        "dmg-builder": {
          "version": "22.3.3",
          "resolved": "https://registry.npmjs.org/dmg-builder/-/dmg-builder-22.3.3.tgz",
          "integrity": "sha512-5AA6pukcezK335AVHkEJYyukv2hw14bOgGFWHyfrW4U9Ah1FhE5Z9a53VNW/8rGAcBaoctst8oMLITo0ZkiXQQ=="
        },
        "dot-prop": {
          "version": "5.2.0",
          "resolved": "https://registry.npmjs.org/dot-prop/-/dot-prop-5.2.0.tgz",
          "integrity": "sha512-uEUyaDKoSQ1M4Oq8l45hSE26SnTxL6snNnqvK/VWx5wJhmff5z0FUVJDKDanor/6w3kzE3i7XZOk+7wC0EXr1A=="
        },
        "electron-publish": {
          "version": "22.3.3",
          "resolved": "https://registry.npmjs.org/electron-publish/-/electron-publish-22.3.3.tgz",
          "integrity": "sha512-QfdS6gyqdjX+JBm3DhRT8nwO2TKQF9Z2dsZBXxCfE+FXYe2XmxMXWeXY2vPBHxSOpBYeAYVIkBiNL+gWcSfA+w=="
        },
        "fs-extra": {
          "version": "8.1.0",
          "resolved": "https://registry.npmjs.org/fs-extra/-/fs-extra-8.1.0.tgz",
          "integrity": "sha512-yhlQgA6mnOJUKOsRUFsgJdQCvkKhcz8tlZG5HBQfReYZy46OwLcY+Zia0mtdHsOo9y/hP+CxMN0TU9QxoOtG4g=="
        },
        "get-stream": {
          "version": "4.1.0",
          "resolved": "https://registry.npmjs.org/get-stream/-/get-stream-4.1.0.tgz",
          "integrity": "sha512-GMat4EJ5161kIy2HevLlr4luNjBgvmj413KaQA7jt4V8B4RDsfpHk7WQ9GVqfYyyx8OS/L66Kox+rJRNklLK7w=="
        },
        "global-dirs": {
          "version": "2.0.1",
          "resolved": "https://registry.npmjs.org/global-dirs/-/global-dirs-2.0.1.tgz",
          "integrity": "sha512-5HqUqdhkEovj2Of/ms3IeS/EekcO54ytHRLV4PEY2rhRwrHXLQjeVEES0Lhka0xwNDtGYn58wyC4s5+MHsOO6A=="
        },
        "got": {
          "version": "9.6.0",
          "resolved": "https://registry.npmjs.org/got/-/got-9.6.0.tgz",
          "integrity": "sha512-R7eWptXuGYxwijs0eV+v3o6+XH1IqVK8dJOEecQfTmkncw9AV4dcw/Dhxi8MdlqPthxxpZyizMzyg8RTmEsG+Q=="
        },
        "graceful-fs": {
          "version": "4.2.3",
          "resolved": "https://registry.npmjs.org/graceful-fs/-/graceful-fs-4.2.3.tgz",
          "integrity": "sha512-a30VEBm4PEdx1dRB7MFK7BejejvCvBronbLjht+sHuGYj8PHs7M/5Z+rt5lw551vZ7yfTCj4Vuyy3mSJytDWRQ=="
        },
        "has-flag": {
          "version": "4.0.0",
          "resolved": "https://registry.npmjs.org/has-flag/-/has-flag-4.0.0.tgz",
          "integrity": "sha512-EykJT/Q1KjTWctppgIAgfSO0tKVuZUjhgMr17kqTumMl6Afv3EISleU7qZUzoXDFTAHTDC4NOoG/ZxU3EvlMPQ=="
        },
        "hosted-git-info": {
          "version": "3.0.2",
          "resolved": "https://registry.npmjs.org/hosted-git-info/-/hosted-git-info-3.0.2.tgz",
          "integrity": "sha512-ezZMWtHXm7Eb7Rq4Mwnx2vs79WUx2QmRg3+ZqeGroKzfDO+EprOcgRPYghsOP9JuYBfK18VojmRTGCg8Ma+ktw=="
        },
        "is-ci": {
          "version": "2.0.0",
          "resolved": "https://registry.npmjs.org/is-ci/-/is-ci-2.0.0.tgz",
          "integrity": "sha512-YfJT7rkpQB0updsdHLGWrvhBJfcfzNNawYDNIyQXJz0IViGf75O8EBPKSdvw2rF+LGCsX4FZ8tcr3b19LcZq4w=="
        },
        "is-fullwidth-code-point": {
          "version": "2.0.0",
          "resolved": "https://registry.npmjs.org/is-fullwidth-code-point/-/is-fullwidth-code-point-2.0.0.tgz",
          "integrity": "sha1-o7MKXE8ZkYMWeqq5O+764937ZU8="
        },
        "is-installed-globally": {
          "version": "0.3.1",
          "resolved": "https://registry.npmjs.org/is-installed-globally/-/is-installed-globally-0.3.1.tgz",
          "integrity": "sha512-oiEcGoQbGc+3/iijAijrK2qFpkNoNjsHOm/5V5iaeydyrS/hnwaRCEgH5cpW0P3T1lSjV5piB7S5b5lEugNLhg=="
        },
        "is-npm": {
          "version": "4.0.0",
          "resolved": "https://registry.npmjs.org/is-npm/-/is-npm-4.0.0.tgz",
          "integrity": "sha512-96ECIfh9xtDDlPylNPXhzjsykHsMJZ18ASpaWzQyBr4YRTcVjUvzaHayDAES2oU/3KpljhHUjtSRNiDwi0F0ig=="
        },
        "is-obj": {
          "version": "2.0.0",
          "resolved": "https://registry.npmjs.org/is-obj/-/is-obj-2.0.0.tgz",
          "integrity": "sha512-drqDG3cbczxxEJRoOXcOjtdp1J/lyp1mNn0xaznRs8+muBhgQcrnbspox5X5fOw0HnMnbfDzvnEMEtqDEJEo8w=="
        },
        "is-path-inside": {
          "version": "3.0.2",
          "resolved": "https://registry.npmjs.org/is-path-inside/-/is-path-inside-3.0.2.tgz",
          "integrity": "sha512-/2UGPSgmtqwo1ktx8NDHjuPwZWmHhO+gj0f93EkhLB5RgW9RZevWYYlIkS6zePc6U2WpOdQYIwHe9YC4DWEBVg=="
        },
        "latest-version": {
          "version": "5.1.0",
          "resolved": "https://registry.npmjs.org/latest-version/-/latest-version-5.1.0.tgz",
          "integrity": "sha512-weT+r0kTkRQdCdYCNtkMwWXQTMEswKrFBkm4ckQOMVhhqhIMI1UT2hMj+1iigIhgSZm5gTmrRXBNoGUgaTY1xA=="
        },
        "lru-cache": {
          "version": "5.1.1",
          "resolved": "https://registry.npmjs.org/lru-cache/-/lru-cache-5.1.1.tgz",
          "integrity": "sha512-KpNARQA3Iwv+jTA0utUVVbrh+Jlrr1Fv0e56GGzAFOXN7dk/FviaDW8LHmK52DlcH4WP2n6gI8vN1aesBFgo9w=="
        },
        "make-dir": {
          "version": "3.0.2",
          "resolved": "https://registry.npmjs.org/make-dir/-/make-dir-3.0.2.tgz",
          "integrity": "sha512-rYKABKutXa6vXTXhoV18cBE7PaewPXHe/Bdq4v+ZLMhxbWApkFFplT0LcbMW+6BbjnQXzZ/sAvSE/JdguApG5w==",
          "dependencies": {
            "semver": {
              "version": "6.3.0",
              "resolved": "https://registry.npmjs.org/semver/-/semver-6.3.0.tgz",
              "integrity": "sha512-b39TBaTSfV6yBrapU89p5fKekE2m/NwnDocOVruQFS1/veMgdzuPcnOM34M6CwxW8jH/lxEa5rBoDeUwu5HHTw=="
            }
          }
        },
        "ms": {
          "version": "2.1.2",
          "resolved": "https://registry.npmjs.org/ms/-/ms-2.1.2.tgz",
          "integrity": "sha512-sGkPx+VjMtmA6MX27oA4FBFELFCZZ4S4XqeGOXCv68tT+jb3vk/RyaKWP0PTKyWtmLSM0b+adUTEvbs1PEaH2w=="
        },
        "package-json": {
          "version": "6.5.0",
          "resolved": "https://registry.npmjs.org/package-json/-/package-json-6.5.0.tgz",
          "integrity": "sha512-k3bdm2n25tkyxcjSKzB5x8kfVxlMdgsbPr0GkZcwHsLpba6cBjqCt1KlcChKEvxHIcTB1FVMuwoijZ26xex5MQ==",
          "dependencies": {
            "semver": {
              "version": "6.3.0",
              "resolved": "https://registry.npmjs.org/semver/-/semver-6.3.0.tgz",
              "integrity": "sha512-b39TBaTSfV6yBrapU89p5fKekE2m/NwnDocOVruQFS1/veMgdzuPcnOM34M6CwxW8jH/lxEa5rBoDeUwu5HHTw=="
            }
          }
        },
        "prepend-http": {
          "version": "2.0.0",
          "resolved": "https://registry.npmjs.org/prepend-http/-/prepend-http-2.0.0.tgz",
          "integrity": "sha1-6SQ0v6XqjBn0HN/UAddBo8gZ2Jc="
        },
        "registry-auth-token": {
          "version": "4.1.1",
          "resolved": "https://registry.npmjs.org/registry-auth-token/-/registry-auth-token-4.1.1.tgz",
          "integrity": "sha512-9bKS7nTl9+/A1s7tnPeGrUpRcVY+LUh7bfFgzpndALdPfXQBfQV77rQVtqgUV3ti4vc/Ik81Ex8UJDWDQ12zQA=="
        },
        "registry-url": {
          "version": "5.1.0",
          "resolved": "https://registry.npmjs.org/registry-url/-/registry-url-5.1.0.tgz",
          "integrity": "sha512-8acYXXTI0AkQv6RAOjE3vOaIXZkT9wo4LOFbBKYQEEnnMNBpKqdUrI6S4NT0KPIo/WVvJ5tE/X5LF/TQUf0ekw=="
        },
        "semver": {
          "version": "7.1.3",
          "resolved": "https://registry.npmjs.org/semver/-/semver-7.1.3.tgz",
          "integrity": "sha512-ekM0zfiA9SCBlsKa2X1hxyxiI4L3B6EbVJkkdgQXnSEEaHlGdvyodMruTiulSRWMMB4NeIuYNMC9rTKTz97GxA=="
        },
        "semver-diff": {
          "version": "3.1.1",
          "resolved": "https://registry.npmjs.org/semver-diff/-/semver-diff-3.1.1.tgz",
          "integrity": "sha512-GX0Ix/CJcHyB8c4ykpHGIAvLyOwOobtM/8d+TQkAd81/bEjgPHrfba41Vpesr7jX/t8Uh+R3EX9eAS5be+jQYg==",
          "dependencies": {
            "semver": {
              "version": "6.3.0",
              "resolved": "https://registry.npmjs.org/semver/-/semver-6.3.0.tgz",
              "integrity": "sha512-b39TBaTSfV6yBrapU89p5fKekE2m/NwnDocOVruQFS1/veMgdzuPcnOM34M6CwxW8jH/lxEa5rBoDeUwu5HHTw=="
            }
          }
        },
        "string-width": {
          "version": "4.2.0",
          "resolved": "https://registry.npmjs.org/string-width/-/string-width-4.2.0.tgz",
          "integrity": "sha512-zUz5JD+tgqtuDjMhwIg5uFVV3dtqZ9yQJlZVfq4I01/K5Paj5UHj7VyrQOJvzawSVlKpObApbfD0Ed6yJc+1eg==",
          "dependencies": {
            "ansi-regex": {
              "version": "5.0.0",
              "resolved": "https://registry.npmjs.org/ansi-regex/-/ansi-regex-5.0.0.tgz",
              "integrity": "sha512-bY6fj56OUQ0hU1KjFNDQuJFezqKdrAyFdIevADiqrWHwSlbmBNMHp5ak2f40Pm8JTFyM2mqxkG6ngkHO11f/lg=="
            },
            "emoji-regex": {
              "version": "8.0.0",
              "resolved": "https://registry.npmjs.org/emoji-regex/-/emoji-regex-8.0.0.tgz",
              "integrity": "sha512-MSjYzcWNOA0ewAHpz0MxpYFvwg6yjy1NG3xteoqz644VCo/RPgnr1/GGt+ic3iJTzQ8Eu3TdM14SawnVUmGE6A=="
            },
            "is-fullwidth-code-point": {
              "version": "3.0.0",
              "resolved": "https://registry.npmjs.org/is-fullwidth-code-point/-/is-fullwidth-code-point-3.0.0.tgz",
              "integrity": "sha512-zymm5+u+sCsSWyD9qNaejV3DFvhCKclKdizYaJUuHA83RLjb7nSuGnddCHGv0hk+KY7BMAlsWeK4Ueg6EV6XQg=="
            },
            "strip-ansi": {
              "version": "6.0.0",
              "resolved": "https://registry.npmjs.org/strip-ansi/-/strip-ansi-6.0.0.tgz",
              "integrity": "sha512-AuvKTrTfQNYNIctbR1K/YGTR1756GycPsg7b9bdV9Duqur4gv6aKqHXah67Z8ImS7WEz5QVcOtlfW2rZEugt6w=="
            }
          }
        },
        "strip-ansi": {
          "version": "5.2.0",
          "resolved": "https://registry.npmjs.org/strip-ansi/-/strip-ansi-5.2.0.tgz",
          "integrity": "sha512-DuRs1gKbBqsMKIZlrffwlug8MHkcnpjs5VPmL1PAh+mA30U0DTotfDZ0d2UUsXpPmPmMMJ6W773MaA3J+lbiWA=="
        },
        "supports-color": {
          "version": "7.1.0",
          "resolved": "https://registry.npmjs.org/supports-color/-/supports-color-7.1.0.tgz",
          "integrity": "sha512-oRSIpR8pxT1Wr2FquTNnGet79b3BWljqOuoW/h4oBhxJ/HUbX5nX6JSruTkvXDCFMwDPvsaTTbvMLKZWSy0R5g=="
        },
        "term-size": {
          "version": "2.2.0",
          "resolved": "https://registry.npmjs.org/term-size/-/term-size-2.2.0.tgz",
          "integrity": "sha512-a6sumDlzyHVJWb8+YofY4TW112G6p2FCPEAFk+59gIYHv3XHRhm9ltVQ9kli4hNWeQBwSpe8cRN25x0ROunMOw=="
        },
        "unique-string": {
          "version": "2.0.0",
          "resolved": "https://registry.npmjs.org/unique-string/-/unique-string-2.0.0.tgz",
          "integrity": "sha512-uNaeirEPvpZWSgzwsPGtU2zVSTrn/8L5q/IexZmH0eH6SA73CmAA5U4GwORTxQAZs95TAXLNqeLoPPNO5gZfWg=="
        },
        "update-notifier": {
          "version": "4.1.0",
          "resolved": "https://registry.npmjs.org/update-notifier/-/update-notifier-4.1.0.tgz",
          "integrity": "sha512-w3doE1qtI0/ZmgeoDoARmI5fjDoT93IfKgEGqm26dGUOh8oNpaSTsGNdYRN/SjOuo10jcJGwkEL3mroKzktkew=="
        },
        "url-parse-lax": {
          "version": "3.0.0",
          "resolved": "https://registry.npmjs.org/url-parse-lax/-/url-parse-lax-3.0.0.tgz",
          "integrity": "sha1-FrXK/Afb42dsGxmZF3gj1lA6yww="
        },
        "widest-line": {
          "version": "3.1.0",
          "resolved": "https://registry.npmjs.org/widest-line/-/widest-line-3.1.0.tgz",
          "integrity": "sha512-NsmoXalsWVDMGupxZ5R08ka9flZjjiLvHVAWYOKtiKM8ujtZWr9cRffak+uSE48+Ob8ObalXpwyeUiyDD6QFgg=="
        },
        "write-file-atomic": {
          "version": "3.0.1",
          "resolved": "https://registry.npmjs.org/write-file-atomic/-/write-file-atomic-3.0.1.tgz",
          "integrity": "sha512-JPStrIyyVJ6oCSz/691fAjFtefZ6q+fP6tm+OS4Qw6o+TGQxNp1ziY2PgS+X/m0V8OWhZiO/m4xSj+Pr4RrZvw=="
        },
        "xdg-basedir": {
          "version": "4.0.0",
          "resolved": "https://registry.npmjs.org/xdg-basedir/-/xdg-basedir-4.0.0.tgz",
          "integrity": "sha512-PSNhEJDejZYV7h50BohL09Er9VaIefr2LMAf3OEmpCkjOi34eYyQYAXUTjEQtZJTKcF0E2UKTh+osDLsgNim9Q=="
        },
        "yallist": {
          "version": "3.1.1",
          "resolved": "https://registry.npmjs.org/yallist/-/yallist-3.1.1.tgz",
          "integrity": "sha512-a4UGQaWPH59mOXUYnAG2ewncQS4i4F43Tv3JoAM+s2VDAmS9NsK8GpDMLrCHPksFT7h3K6TOoUNn2pb7RoXx4g=="
        }
      }
    },
    "electron-window-state": {
      "version": "5.0.3",
      "resolved": "https://registry.npmjs.org/electron-window-state/-/electron-window-state-5.0.3.tgz",
      "integrity": "sha512-1mNTwCfkolXl3kMf50yW3vE2lZj0y92P/HYWFBrb+v2S/pCka5mdwN3cagKm458A7NjndSwijynXgcLWRodsVg=="
    },
    "encodeurl": {
      "version": "1.0.2",
      "resolved": "https://registry.npmjs.org/encodeurl/-/encodeurl-1.0.2.tgz",
      "integrity": "sha1-rT/0yG7C0CkyL1oCw6mmBslbP1k=",
      "dev": true,
      "optional": true
    },
    "es6-error": {
      "version": "4.1.1",
      "resolved": "https://registry.npmjs.org/es6-error/-/es6-error-4.1.1.tgz",
      "integrity": "sha512-Um/+FxMr9CISWh0bi5Zv0iOD+4cFh5qLeks1qhAopKVAJw3drgKbKySikp7wGhDL0HPeaja0P5ULZrxLkniUVg==",
      "dev": true,
      "optional": true
    },
    "escape-string-regexp": {
      "version": "1.0.5",
      "resolved": "https://registry.npmjs.org/escape-string-regexp/-/escape-string-regexp-1.0.5.tgz",
      "integrity": "sha1-G2HAViGQqN/2rjuyzwIAyhMLhtQ=",
      "dev": true
    },
    "extract-zip": {
      "version": "1.6.7",
      "resolved": "https://registry.npmjs.org/extract-zip/-/extract-zip-1.6.7.tgz",
      "integrity": "sha1-qEC0uK9kAyZMjbV/Txp0Mz74H+k=",
      "dev": true
    },
    "filename-reserved-regex": {
      "version": "2.0.0",
      "resolved": "https://registry.npmjs.org/filename-reserved-regex/-/filename-reserved-regex-2.0.0.tgz",
      "integrity": "sha1-q/c9+rc10EVECr/qLZHzieu/oik=",
      "dev": true
    },
    "filenamify": {
      "version": "4.2.0",
      "resolved": "https://registry.npmjs.org/filenamify/-/filenamify-4.2.0.tgz",
      "integrity": "sha512-pkgE+4p7N1n7QieOopmn3TqJaefjdWXwEkj2XLZJLKfOgcQKkn11ahvGNgTD8mLggexLiDFQxeTs14xVU22XPA==",
      "dev": true,
      "requires": {
        "filename-reserved-regex": "^2.0.0",
        "strip-outer": "^1.0.1",
        "trim-repeated": "^1.0.0"
      }
    },
    "global-agent": {
      "version": "2.1.12",
      "resolved": "https://registry.npmjs.org/global-agent/-/global-agent-2.1.12.tgz",
      "integrity": "sha512-caAljRMS/qcDo69X9BfkgrihGUgGx44Fb4QQToNQjsiWh+YlQ66uqYVAdA8Olqit+5Ng0nkz09je3ZzANMZcjg==",
      "dev": true,
      "optional": true,
      "requires": {
        "boolean": "^3.0.1",
        "core-js": "^3.6.5",
        "es6-error": "^4.1.1",
        "matcher": "^3.0.0",
        "roarr": "^2.15.3",
        "semver": "^7.3.2",
        "serialize-error": "^7.0.1"
      },
      "dependencies": {
        "lru-cache": {
          "version": "6.0.0",
          "resolved": "https://registry.npmjs.org/lru-cache/-/lru-cache-6.0.0.tgz",
          "integrity": "sha512-Jo6dJ04CmSjuznwJSS3pUeWmd/H0ffTlkXXgwZi+eq1UCmqQwCh+eLsYOYCwY991i2Fah4h1BEMCx4qThGbsiA==",
          "dev": true,
          "optional": true,
          "requires": {
            "yallist": "^4.0.0"
          }
        },
        "semver": {
          "version": "7.3.4",
          "resolved": "https://registry.npmjs.org/semver/-/semver-7.3.4.tgz",
          "integrity": "sha512-tCfb2WLjqFAtXn4KEdxIhalnRtoKFN7nAwj0B3ZXCbQloV2tq5eDbcTmT68JJD3nRJq24/XgxtQKFIpQdtvmVw==",
          "dev": true,
          "optional": true,
          "requires": {
            "lru-cache": "^6.0.0"
          }
        },
        "yallist": {
          "version": "4.0.0",
          "resolved": "https://registry.npmjs.org/yallist/-/yallist-4.0.0.tgz",
          "integrity": "sha512-3wdGidZyq5PB084XLES5TpOSRA3wjXAlIWMhum2kRcv/41Sn2emQ0dycQW4uZXLejwKvg6EsvbdlVL+FYEct7A==",
          "dev": true,
          "optional": true
        }
      }
    },
    "global-tunnel-ng": {
      "version": "2.7.1",
      "resolved": "https://registry.npmjs.org/global-tunnel-ng/-/global-tunnel-ng-2.7.1.tgz",
      "integrity": "sha512-4s+DyciWBV0eK148wqXxcmVAbFVPqtc3sEtUE/GTQfuU80rySLcMhUmHKSHI7/LDj8q0gDYI1lIhRRB7ieRAqg==",
      "dev": true,
      "optional": true,
      "requires": {
        "encodeurl": "^1.0.2",
        "lodash": "^4.17.10",
        "npm-conf": "^1.1.3",
        "tunnel": "^0.0.6"
      }
    },
    "globalthis": {
      "version": "1.0.1",
      "resolved": "https://registry.npmjs.org/globalthis/-/globalthis-1.0.1.tgz",
      "integrity": "sha512-mJPRTc/P39NH/iNG4mXa9aIhNymaQikTrnspeCa2ZuJ+mH2QN/rXwtX3XwKrHqWgUQFbNZKtHM105aHzJalElw==",
      "dev": true,
      "optional": true,
      "requires": {
        "define-properties": "^1.1.3"
      }
    },
    "ini": {
      "version": "1.3.5",
      "resolved": "https://registry.npmjs.org/ini/-/ini-1.3.5.tgz",
      "integrity": "sha512-RZY5huIKCMRWDUqZlEi72f/lmXKMvuszcMBduliQ3nnWbx9X/ZBQO7DijMEYS9EhHBb2qacRUMtC7svLwe0lcw==",
      "dev": true,
      "optional": true
    },
    "json-stringify-safe": {
      "version": "5.0.1",
      "resolved": "https://registry.npmjs.org/json-stringify-safe/-/json-stringify-safe-5.0.1.tgz",
      "integrity": "sha1-Epai1Y/UXxmg9s4B1lcB4sc1tus=",
      "dev": true,
      "optional": true
    },
    "jsonfile": {
      "version": "4.0.0",
      "resolved": "https://registry.npmjs.org/jsonfile/-/jsonfile-4.0.0.tgz",
      "integrity": "sha1-h3Gq4HmbZAdrdmQPygWPnBDjPss=",
      "dev": true
    },
    "lodash": {
      "version": "4.17.20",
      "resolved": "https://registry.npmjs.org/lodash/-/lodash-4.17.20.tgz",
      "integrity": "sha512-PlhdFcillOINfeV7Ni6oF1TAEayyZBoZ8bcshTHqOYJYlrqzRK5hagpagky5o4HfCzzd1TRkXPMFq6cKk9rGmA==",
      "dev": true,
      "optional": true
    },
    "lowercase-keys": {
      "version": "1.0.1",
      "resolved": "https://registry.npmjs.org/lowercase-keys/-/lowercase-keys-1.0.1.tgz",
      "integrity": "sha512-G2Lj61tXDnVFFOi8VZds+SoQjtQC3dgokKdDG2mTm1tx4m50NUHBOZSBwQQHyy0V12A0JTG4icfZQH+xPyh8VA==",
      "dev": true
    },
    "matcher": {
      "version": "3.0.0",
      "resolved": "https://registry.npmjs.org/matcher/-/matcher-3.0.0.tgz",
      "integrity": "sha512-OkeDaAZ/bQCxeFAozM55PKcKU0yJMPGifLwV4Qgjitu+5MoAfSQN4lsLJeXZ1b8w0x+/Emda6MZgXS1jvsapng==",
      "dev": true,
      "optional": true,
      "requires": {
        "escape-string-regexp": "^4.0.0"
      },
      "dependencies": {
        "escape-string-regexp": {
          "version": "4.0.0",
          "resolved": "https://registry.npmjs.org/escape-string-regexp/-/escape-string-regexp-4.0.0.tgz",
          "integrity": "sha512-TtpcNJ3XAzx3Gq8sWRzJaVajRs0uVxA2YAkdb1jm2YkPz4G6egUFAyA3n5vtEIZefPk5Wa4UXbKuS5fKkJWdgA==",
          "dev": true,
          "optional": true
        }
      }
    },
    "mimic-response": {
      "version": "1.0.1",
      "resolved": "https://registry.npmjs.org/mimic-response/-/mimic-response-1.0.1.tgz",
      "integrity": "sha512-j5EctnkH7amfV/q5Hgmoal1g2QHFJRraOtmx0JpIqkxhBhI/lJSl1nMpQ45hVarwNETOoWEimndZ4QK0RHxuxQ==",
      "dev": true
    },
    "nodemon": {
      "version": "1.19.4",
      "resolved": "https://registry.npmjs.org/nodemon/-/nodemon-1.19.4.tgz",
      "integrity": "sha512-VGPaqQBNk193lrJFotBU8nvWZPqEZY2eIzymy2jjY0fJ9qIsxA0sxQ8ATPl0gZC645gijYEc1jtZvpS8QWzJGQ==",
      "dev": true,
      "dependencies": {
        "debug": {
          "version": "3.2.6",
          "resolved": "https://registry.npmjs.org/debug/-/debug-3.2.6.tgz",
          "integrity": "sha512-mel+jf7nrtEl5Pn1Qx46zARXKDpBbvzezse7p7LqINmdoIk8PYP5SySaxEmYv6TZ0JyEKA1hsCId6DIhgITtWQ=="
        },
        "ms": {
          "version": "2.1.2",
          "resolved": "https://registry.npmjs.org/ms/-/ms-2.1.2.tgz",
          "integrity": "sha512-sGkPx+VjMtmA6MX27oA4FBFELFCZZ4S4XqeGOXCv68tT+jb3vk/RyaKWP0PTKyWtmLSM0b+adUTEvbs1PEaH2w=="
        },
        "semver": {
          "version": "5.7.1",
          "resolved": "https://registry.npmjs.org/semver/-/semver-5.7.1.tgz",
          "integrity": "sha512-sauaDf/PZdVgrLTNYHRtpXa1iRiKcaebiKQ1BJdpQlWH2lCvexQdX55snPFyK7QzpudqbCI0qXFfOasHdyNDGQ=="
        }
      }
    },
    "npm-conf": {
      "version": "1.1.3",
      "resolved": "https://registry.npmjs.org/npm-conf/-/npm-conf-1.1.3.tgz",
      "integrity": "sha512-Yic4bZHJOt9RCFbRP3GgpqhScOY4HH3V2P8yBj6CeYq118Qr+BLXqT2JvpJ00mryLESpgOxf5XlFv4ZjXxLScw==",
      "dev": true,
      "optional": true,
      "requires": {
        "config-chain": "^1.1.11",
        "pify": "^3.0.0"
      },
      "dependencies": {
        "pify": {
          "version": "3.0.0",
          "resolved": "https://registry.npmjs.org/pify/-/pify-3.0.0.tgz",
          "integrity": "sha1-5aSs0sEB/fPZpNB/DbxNtJ3SgXY=",
          "dev": true,
          "optional": true
        }
      }
    },
    "p-cancelable": {
      "version": "1.1.0",
      "resolved": "https://registry.npmjs.org/p-cancelable/-/p-cancelable-1.1.0.tgz",
      "integrity": "sha512-s73XxOZ4zpt1edZYZzvhqFa6uvQc1vwUa0K0BdtIZgQMAJj9IbebH+JkgKZc9h+B05PKHLOTl4ajG1BmNrVZlw==",
      "dev": true
    },
    "progress": {
      "version": "2.0.3",
      "resolved": "https://registry.npmjs.org/progress/-/progress-2.0.3.tgz",
      "integrity": "sha512-7PiHtLll5LdnKIMw100I+8xJXR5gW2QwWYkT6iJva0bXitZKa/XMrSbdmg3r2Xnaidz9Qumd0VPaMrZlF9V9sA==",
      "dev": true
    },
    "proto-list": {
      "version": "1.2.4",
      "resolved": "https://registry.npmjs.org/proto-list/-/proto-list-1.2.4.tgz",
      "integrity": "sha1-IS1b/hMYMGpCD2QCuOJv85ZHqEk=",
      "dev": true,
      "optional": true
    },
    "pump": {
      "version": "3.0.0",
      "resolved": "https://registry.npmjs.org/pump/-/pump-3.0.0.tgz",
      "integrity": "sha512-LwZy+p3SFs1Pytd/jYct4wpv49HiYCqd9Rlc5ZVdk0V+8Yzv6jR5Blk3TRmPL1ft69TxP0IMZGJ+WPFU2BFhww==",
      "dev": true
    },
    "roarr": {
      "version": "2.15.4",
      "resolved": "https://registry.npmjs.org/roarr/-/roarr-2.15.4.tgz",
      "integrity": "sha512-CHhPh+UNHD2GTXNYhPWLnU8ONHdI+5DI+4EYIAOaiD63rHeYlZvyh8P+in5999TTSFgUYuKUAjzRI4mdh/p+2A==",
      "dev": true,
      "optional": true,
      "requires": {
        "boolean": "^3.0.1",
        "detect-node": "^2.0.4",
        "globalthis": "^1.0.1",
        "json-stringify-safe": "^5.0.1",
        "semver-compare": "^1.0.0",
        "sprintf-js": "^1.1.2"
      },
      "dependencies": {
        "sprintf-js": {
          "version": "1.1.2",
          "resolved": "https://registry.npmjs.org/sprintf-js/-/sprintf-js-1.1.2.tgz",
          "integrity": "sha512-VE0SOVEHCk7Qc8ulkWw3ntAzXuqf7S2lvwQaDLRnUeIEaKNQJzV6BwmLKhOqT61aGhfUMrXeaBk+oDGCzvhcug==",
          "dev": true,
          "optional": true
        }
      }
    },
    "semver-compare": {
      "version": "1.0.0",
      "resolved": "https://registry.npmjs.org/semver-compare/-/semver-compare-1.0.0.tgz",
      "integrity": "sha1-De4hahyUGrN+nvsXiPavxf9VN/w=",
      "dev": true,
      "optional": true
    },
    "serialize-error": {
      "version": "7.0.1",
      "resolved": "https://registry.npmjs.org/serialize-error/-/serialize-error-7.0.1.tgz",
      "integrity": "sha512-8I8TjW5KMOKsZQTvoxjuSIa7foAwPWGOts+6o7sgjz41/qMD9VQHEDxi6PBvK2l0MXUmqZyNpUK+T2tQaaElvw==",
      "dev": true,
      "optional": true,
      "requires": {
        "type-fest": "^0.13.1"
      },
      "dependencies": {
        "type-fest": {
          "version": "0.13.1",
          "resolved": "https://registry.npmjs.org/type-fest/-/type-fest-0.13.1.tgz",
          "integrity": "sha512-34R7HTnG0XIJcBSn5XhDd7nNFPRcXYRZrBB2O2jdKqYODldSzBAqzsWoZYYvduky73toYS/ESqxPvkDf/F0XMg==",
          "dev": true,
          "optional": true
        }
      }
    },
    "strip-outer": {
      "version": "1.0.1",
      "resolved": "https://registry.npmjs.org/strip-outer/-/strip-outer-1.0.1.tgz",
      "integrity": "sha512-k55yxKHwaXnpYGsOzg4Vl8+tDrWylxDEpknGjhTiZB8dFRU5rTo9CAzeycivxV3s+zlTKwrs6WxMxR95n26kwg==",
      "dev": true,
      "requires": {
        "escape-string-regexp": "^1.0.2"
      }
    },
    "to-readable-stream": {
      "version": "1.0.0",
      "resolved": "https://registry.npmjs.org/to-readable-stream/-/to-readable-stream-1.0.0.tgz",
      "integrity": "sha512-Iq25XBt6zD5npPhlLVXGFN3/gyR2/qODcKNNyTMd4vbm39HUaOiAM4PMq0eMVC/Tkxz+Zjdsc55g9yyz+Yq00Q==",
      "dev": true
    },
    "trim-repeated": {
      "version": "1.0.0",
      "resolved": "https://registry.npmjs.org/trim-repeated/-/trim-repeated-1.0.0.tgz",
      "integrity": "sha1-42RqLqTokTEr9+rObPsFOAvAHCE=",
      "dev": true,
      "requires": {
        "escape-string-regexp": "^1.0.2"
      }
    },
    "tunnel": {
      "version": "0.0.6",
      "resolved": "https://registry.npmjs.org/tunnel/-/tunnel-0.0.6.tgz",
      "integrity": "sha512-1h/Lnq9yajKY2PEbBadPXj3VxsDDu844OnaAo52UVmIzIvwwtBPIuNvkjuzBlTWpfJyUbG3ez0KSBibQkj4ojg==",
      "dev": true,
      "optional": true
    },
    "universalify": {
      "version": "0.1.2",
      "resolved": "https://registry.npmjs.org/universalify/-/universalify-0.1.2.tgz",
      "integrity": "sha512-rBJeI5CXAlmy1pV+617WB9J63U6XcazHHF2f2dbJix4XzpUF0RS3Zbj0FGIOCAva5P/d/GBOYaACQ1w+0azUkg==",
      "dev": true
    }
  }
}
